
Microsoft Visual Studio Solution File, Format Version 12.00
# Visual Studio 15
VisualStudioVersion = 15.0.27130.2027
MinimumVisualStudioVersion = 10.0.40219.1
Project("{FAE04EC0-301F-11D3-BF4B-00C04F79EFBC}") = "汽车维修管理系统", "汽车维修管理系统\汽车维修管理系统.csproj", "{56E894F4-A83E-4BE1-997D-E77CA41965B3}"
EndProject
Project("{FAE04EC0-301F-11D3-BF4B-00C04F79EFBC}") = "AMS.Model", "AMS.Model\AMS.Model.csproj", "{3710087F-FBC2-4CCB-8E2B-E3DA12AF1509}"
EndProject
Project("{FAE04EC0-301F-11D3-BF4B-00C04F79EFBC}") = "AMS.Service", "AMS.Service\AMS.Service.csproj", "{C8210425-9E91-49AC-97DE-1DC772EF80CA}"
EndProject
Global
	GlobalSection(SolutionConfigurationPlatforms) = preSolution
		Debug|Any CPU = Debug|Any CPU
		Release|Any CPU = Release|Any CPU
	EndGlobalSection
	GlobalSection(ProjectConfigurationPlatforms) = postSolution
		{56E894F4-A83E-4BE1-997D-E77CA41965B3}.Debug|Any CPU.ActiveCfg = Debug|Any CPU
		{56E894F4-A83E-4BE1-997D-E77CA41965B3}.Debug|Any CPU.Build.0 = Debug|Any CPU
		{56E894F4-A83E-4BE1-997D-E77CA41965B3}.Release|Any CPU.ActiveCfg = Release|Any CPU
		{56E894F4-A83E-4BE1-997D-E77CA41965B3}.Release|Any CPU.Build.0 = Release|Any CPU
		{3710087F-FBC2-4CCB-8E2B-E3DA12AF1509}.Debug|Any CPU.ActiveCfg = Debug|Any CPU
		{3710087F-FBC2-4CCB-8E2B-E3DA12AF1509}.Debug|Any CPU.Build.0 = Debug|Any CPU
		{3710087F-FBC2-4CCB-8E2B-E3DA12AF1509}.Release|Any CPU.ActiveCfg = Release|Any CPU
		{3710087F-FBC2-4CCB-8E2B-E3DA12AF1509}.Release|Any CPU.Build.0 = Release|Any CPU
		{C8210425-9E91-49AC-97DE-1DC772EF80CA}.Debug|Any CPU.ActiveCfg = Debug|Any CPU
		{C8210425-9E91-49AC-97DE-1DC772EF80CA}.Debug|Any CPU.Build.0 = Debug|Any CPU
		{C8210425-9E91-49AC-97DE-1DC772EF80CA}.Release|Any CPU.ActiveCfg = Release|Any CPU
		{C8210425-9E91-49AC-97DE-1DC772EF80CA}.Release|Any CPU.Build.0 = Release|Any CPU
	EndGlobalSection
	GlobalSection(SolutionProperties) = preSolution
		HideSolutionNode = FALSE
	EndGlobalSection
	GlobalSection(ExtensibilityGlobals) = postSolution
		SolutionGuid = {EF7AC3AA-7FD4-48F2-86C1-72B9BA81F3EC}
	EndGlobalSection
EndGlobal
